github.com/Masterminds/squirrel v1.5.4 h1:uUcX/aBc8O7Fg9kaISIUsHXdKuqehiXAMQTYX8afzqM=
github.com/Masterminds/squirrel v1.5.4/go.mod h1:NNaOrjSoIDfDA40n7sr2tPNZRfjzjA400rg+riTZj10=
github.com/Masterminds/structable v0.0.0-20160207173539-880b1df16ad7 h1:FqyzNKwWdwET1t+HpVnhIidEpNgE4Snn9vcZFd2wSe0=
github.com/Masterminds/structable v0.0.0-20160207173539-880b1df16ad7/go.mod h1:CBK/3s101oxmHZ6XJtdD3yKaeG6aRNi7TVVzJiWpMIY=
github.com/Masterminds/structable v0.0.0-20170407152004-a1a302ef78ec h1:zchF0NAt+UR7iOTb+htQIauAUh3tv7xuHBWqrj6VlBk=
github.com/Masterminds/structable v0.0.0-20170407152004-a1a302ef78ec/go.mod h1:CBK/3s101oxmHZ6XJtdD3yKaeG6aRNi7TVVzJiWpMIY=
github.com/adrg/xdg v0.5.3 h1:xRnxJXne7+oWDatRhR1JLnvuccuIeCoBu2rtuLqQB78=
github.com/adrg/xdg v0.5.3/go.mod h1:nlTsY+NNiCBGCK2tpm09vRqfVzrc2fLmXGpBLF0zlTQ=
github.com/apache/arrow-go/v18 v18.5.1 h1:yaQ6zxMGgf9YCYw4/oaeOU3AULySDlAYDOcnr4LdHdI=
github.com/apache/arrow-go/v18 v18.5.1/go.mod h1:OCCJsmdq8AsRm8FkBSSmYTwL/s4zHW9CqxeBxEytkNE=
github.com/davecgh/go-spew v1.1.1/go.mod h1:J7Y8YcW2NihsgmVo/mv3lAwl/skON4iLHjSsI+c5H38=
github.com/duckdb/duckdb-go-bindings v0.10503.0 h1:nBms3habub5GB3N7zV7l1BwFP2mdRGrUepa+s5feZ1E=
github.com/duckdb/duckdb-go-bindings v0.10503.0/go.mod h1:USV+K6f/1gJBElmujc08nbJLSqPde1tqGrYuw/xR518=
github.com/duckdb/duckdb-go-bindings/lib/darwin-amd64 v0.10503.0 h1:O/yDkGeEZhWcRQwXGCy4SOioPqg8UNJEU/r4p6tMsgg=
github.com/duckdb/duckdb-go-bindings/lib/darwin-amd64 v0.10503.0/go.mod h1:EnAvZh1kNJHp5yF+M1ZHNEvapnmt6anq1xXHVrAGqMo=
github.com/duckdb/duckdb-go-bindings/lib/darwin-arm64 v0.10503.0 h1:gTYLRJZd9DcNtT3UkT+5NmMU1BgDZ22eP1vBGMjV2Z0=
github.com/duckdb/duckdb-go-bindings/lib/darwin-arm64 v0.10503.0/go.mod h1:IGLSeEcFhNeZF16aVjQCULD7TsFZKG5G7SyKJAXKp5c=
github.com/duckdb/duckdb-go-bindings/lib/linux-amd64 v0.10503.0 h1:XzD2yzX9trLosZJYrCAgf/WDek6ANJHCQOFaoH7hfzg=
github.com/duckdb/duckdb-go-bindings/lib/linux-amd64 v0.10503.0/go.mod h1:KAIynZ0GHCS7X5fRyuFnQMg/SZBPK/bS9OCOVojClxw=
github.com/duckdb/duckdb-go-bindings/lib/linux-arm64 v0.10503.0 h1:zYkiCNaQAmneI98Hfjj31TLR9QnPA+8IuablmWPthog=
github.com/duckdb/duckdb-go-bindings/lib/linux-arm64 v0.10503.0/go.mod h1:81SGOYoEUs8qaAfSk1wRfM5oobrIJ5KI7AzYhK6/bvQ=
github.com/duckdb/duckdb-go-bindings/lib/windows-amd64 v0.10503.0 h1:InTPj+kxhdsFmG8iip6FAqJoH8Oerx0tW4dzfxqkAEk=
github.com/duckdb/duckdb-go-bindings/lib/windows-amd64 v0.10503.0/go.mod h1:K25pJL26ARblGDeuAkrdblFvUen92+CwksLtPEHRqqQ=
github.com/duckdb/duckdb-go/v2 v2.10503.0 h1:cl8hbxl8Wn2rBuBWVyyDyJe/ZfCji7wrMPZ/EdFzN1Y=
github.com/duckdb/duckdb-go/v2 v2.10503.0/go.mod h1:3trgI3LZo7TTgJYAP9+xCDJYdAF+E+TKE41JWKeWE5I=
github.com/go-gorp/gorp v2.2.0+incompatible h1:xAUh4QgEeqPPhK3vxZN+bzrim1z5Av6q837gtjUlshc=
github.com/go-gorp/gorp v2.2.0+incompatible/go.mod h1:7IfkAQnO7jfT/9IQ3R9wL1dFhukN6aQxzKTHnkxzA/E=
github.com/go-viper/mapstructure/v2 v2.5.0 h1:vM5IJoUAy3d7zRSVtIwQgBj7BiWtMPfmPEgAXnvj1Ro=
github.com/go-viper/mapstructure/v2 v2.5.0/go.mod h1:oJDH3BJKyqBA2TXFhDsKDGDTlndYOZ6rGS0BRZIxGhM=
github.com/goccy/go-json v0.10.5 h1:Fq85nIqj+gXn/S5ahsiTlK3TmC85qgirsdTP/+DeaC4=
github.com/goccy/go-json v0.10.5/go.mod h1:oq7eo15ShAhp70Anwd5lgX2pLfOS3QCiwU/PULtXL6M=
github.com/google/flatbuffers v25.12.19+incompatible h1:haMV2JRRJCe1998HeW/p0X9UaMTK6SDo0ffLn2+DbLs=
github.com/google/flatbuffers v25.12.19+incompatible/go.mod h1:1AeVuKshWv4vARoZatz6mlQ0JxURH0Kv5+zNeJKJCa8=
github.com/google/uuid v1.6.0 h1:NIvaJDMOsjHA8n1jAhLSgzrAzy1Hgr+hNrb57e+94F0=
github.com/google/uuid v1.6.0/go.mod h1:TIyPZe4MgqvfeYDBFedMoGGpEw/LqOeaOT+nhxU+yHo=
github.com/klauspost/compress v1.18.3 h1:9PJRvfbmTabkOX8moIpXPbMMbYN60bWImDDU7L+/6zw=
github.com/klauspost/compress v1.18.3/go.mod h1:R0h/fSBs8DE4ENlcrlib3PsXS61voFxhIs2DeRhCvJ4=
github.com/klauspost/cpuid/v2 v2.3.0 h1:S4CRMLnYUhGeDFDqkGriYKdfoFlDnMtqTiI/sFzhA9Y=
github.com/klauspost/cpuid/v2 v2.3.0/go.mod h1:hqwkgyIinND0mEev00jJYCxPNVRVXFQeu1XKlok6oO0=
github.com/lann/builder v0.0.0-20180802200727-47ae307949d0 h1:SOEGU9fKiNWd/HOJuq6+3iTQz8KNCLtVX6idSoTLdUw=
github.com/lann/builder v0.0.0-20180802200727-47ae307949d0/go.mod h1:dXGbAdH5GtBTC4WfIxhKZfyBF/HBFgRZSWwZ9g/He9o=
github.com/lann/ps v0.0.0-20150810152359-62de8c46ede0 h1:P6pPBnrTSX3DEVR4fDembhRWSsG5rVo6hYhAB/ADZrk=
github.com/lann/ps v0.0.0-20150810152359-62de8c46ede0/go.mod h1:vmVJ0l/dxyfGW6FmdpVm2joNMFikkuWg0EoCKLGUMNw=
github.com/mattn/go-sqlite3 v1.14.44 h1:3VSe+xafpbzsLbdr2AWlAZk9yRHiBhTBakioXaCKTF8=
github.com/mattn/go-sqlite3 v1.14.44/go.mod h1:pjEuOr8IwzLJP2MfGeTb0A35jauH+C2kbHKBr7yXKVQ=
github.com/ncruces/go-sqlite3 v0.34.2 h1:+B50kRdn2BfMTSoRbkgnNaIolxIq1qS6lhcXyvNe230=
github.com/ncruces/go-sqlite3 v0.34.2/go.mod h1:ZUqB9w9k4ACD7X5YeISBY05glvkgTur3dwhoDFGASK4=
github.com/ncruces/go-sqlite3-wasm/v2 v2.4.35301 h1:xGFgiIf1SS4yTqyuW3cSR6hd9KRlUFzVloJ873AyrxU=
github.com/ncruces/go-sqlite3-wasm/v2 v2.4.35301/go.mod h1:7dV8P4xml/vrgb/zKfJaZ5aas5el3VyBR28XkpBq5NM=
github.com/ncruces/julianday v1.0.0 h1:fH0OKwa7NWvniGQtxdJRxAgkBMolni2BjDHaWTxqt7M=
github.com/ncruces/julianday v1.0.0/go.mod h1:Dusn2KvZrrovOMJuOt0TNXL6tB7U2E8kvza5fFc9G7g=
github.com/pierrec/lz4/v4 v4.1.25 h1:kocOqRffaIbU5djlIBr7Wh+cx82C0vtFb0fOurZHqD0=
github.com/pierrec/lz4/v4 v4.1.25/go.mod h1:EoQMVJgeeEOMsCqCzqFm2O0cJvljX2nGZjcRIPL34O4=
github.com/pmezard/go-difflib v1.0.0/go.mod h1:iKH77koFhYxTK1pcRnkKkqfTogsbg7gZNVY4sRDYZ/4=
github.com/spf13/pflag v1.0.10 h1:4EBh2KAYBwaONj6b2Ye1GiHfwjqyROoF4RwYO+vPwFk=
github.com/spf13/pflag v1.0.10/go.mod h1:McXfInJRrz4CZXVZOBLb0bTZqETkiAhM9Iw0y3An2Bg=
github.com/stretchr/testify v1.2.2/go.mod h1:a8OnRcib4nhh0OaRAV+Yts87kKdq0PP7pXfy6kDkUVs=
github.com/zeebo/xxh3 v1.1.0 h1:s7DLGDK45Dyfg7++yxI0khrfwq9661w9EN78eP/UZVs=
github.com/zeebo/xxh3 v1.1.0/go.mod h1:IisAie1LELR4xhVinxWS5+zf1lA4p0MW4T+w+W07F5s=
golang.org/x/exp v0.0.0-20260112195511-716be5621a96 h1:Z/6YuSHTLOHfNFdb8zVZomZr7cqNgTJvA8+Qz75D8gU=
golang.org/x/exp v0.0.0-20260112195511-716be5621a96/go.mod h1:nzimsREAkjBCIEFtHiYkrJyT+2uy9YZJB7H1k68CXZU=
golang.org/x/mod v0.34.0 h1:xIHgNUUnW6sYkcM5Jleh05DvLOtwc6RitGHbDk4akRI=
golang.org/x/mod v0.34.0/go.mod h1:ykgH52iCZe79kzLLMhyCUzhMci+nQj+0XkbXpNYtVjY=
golang.org/x/sync v0.20.0 h1:e0PTpb7pjO8GAtTs2dQ6jYa5BWYlMuX047Dco/pItO4=
golang.org/x/sync v0.20.0/go.mod h1:9xrNwdLfx4jkKbNva9FpL6vEN7evnE43NNNJQ2LF3+0=
golang.org/x/sys v0.44.0 h1:ildZl3J4uzeKP07r2F++Op7E9B29JRUy+a27EibtBTQ=
golang.org/x/sys v0.44.0/go.mod h1:4GL1E5IUh+htKOUEOaiffhrAeqysfVGipDYzABqnCmw=
golang.org/x/telemetry v0.0.0-20260311193753-579e4da9a98c h1:6a8FdnNk6bTXBjR4AGKFgUKuo+7GnR3FX5L7CbveeZc=
golang.org/x/telemetry v0.0.0-20260311193753-579e4da9a98c/go.mod h1:TpUTTEp9frx7rTdLpC9gFG9kdI7zVLFTFFlqaH2Cncw=
golang.org/x/tools v0.43.0 h1:12BdW9CeB3Z+J/I/wj34VMl8X+fEXBxVR90JeMX5E7s=
golang.org/x/tools v0.43.0/go.mod h1:uHkMso649BX2cZK6+RpuIPXS3ho2hZo4FVwfoy1vIk0=
golang.org/x/xerrors v0.0.0-20240903120638-7835f813f4da h1:noIWHXmPHxILtqtCOPIhSt0ABwskkZKjD3bXGnZGpNY=
golang.org/x/xerrors v0.0.0-20240903120638-7835f813f4da/go.mod h1:NDW/Ps6MPRej6fsCIbMTohpP40sJ/P/vI1MoTEGwX90=
